{
    "version": 3,
    "terraform_version": "0.8.4",
    "serial": 47,
    "lineage": "4d82e18a-b894-4d1c-890a-447832c9d559",
    "modules": [
        {
            "path": [
                "root"
            ],
            "outputs": {},
            "resources": {
                "aws_db_instance.db": {
                    "type": "aws_db_instance",
                    "depends_on": [
                        "aws_db_subnet_group.default",
                        "aws_security_group.db"
                    ],
                    "primary": {
                        "id": "tf-006a4eb473944b6cc7c9b6616e",
                        "attributes": {
                            "address": "tf-006a4eb473944b6cc7c9b6616e.cgwfd3lnipel.us-east-1.rds.amazonaws.com",
                            "allocated_storage": "5",
                            "arn": "arn:aws:rds:us-east-1:055628964712:db:tf-006a4eb473944b6cc7c9b6616e",
                            "auto_minor_version_upgrade": "true",
                            "availability_zone": "us-east-1b",
                            "backup_retention_period": "0",
                            "backup_window": "04:51-05:21",
                            "copy_tags_to_snapshot": "false",
                            "db_subnet_group_name": "main",
                            "endpoint": "tf-006a4eb473944b6cc7c9b6616e.cgwfd3lnipel.us-east-1.rds.amazonaws.com:5432",
                            "engine": "postgres",
                            "engine_version": "9.6.1",
                            "hosted_zone_id": "Z2R2ITUGPM61AM",
                            "id": "tf-006a4eb473944b6cc7c9b6616e",
                            "identifier": "tf-006a4eb473944b6cc7c9b6616e",
                            "instance_class": "db.t2.micro",
                            "iops": "0",
                            "kms_key_id": "",
                            "license_model": "postgresql-license",
                            "maintenance_window": "wed:07:49-wed:08:19",
                            "monitoring_interval": "0",
                            "multi_az": "false",
                            "name": "yarndudeproduction",
                            "option_group_name": "default:postgres-9-6",
                            "parameter_group_name": "default.postgres9.6",
                            "password": "y4rndud3p4ssw0rd!",
                            "port": "5432",
                            "publicly_accessible": "false",
                            "replicas.#": "0",
                            "replicate_source_db": "",
                            "security_group_names.#": "0",
                            "skip_final_snapshot": "true",
                            "status": "available",
                            "storage_encrypted": "false",
                            "storage_type": "standard",
                            "tags.%": "0",
                            "username": "yarndude",
                            "vpc_security_group_ids.#": "1",
                            "vpc_security_group_ids.337372946": "sg-8f5681f3"
                        },
                        "meta": {},
                        "tainted": false
                    },
                    "deposed": [],
                    "provider": ""
                },
                "aws_db_subnet_group.default": {
                    "type": "aws_db_subnet_group",
                    "depends_on": [
                        "aws_subnet.primary",
                        "aws_subnet.secondary"
                    ],
                    "primary": {
                        "id": "main",
                        "attributes": {
                            "arn": "arn:aws:rds:us-east-1:055628964712:subgrp:main",
                            "description": "Managed by Terraform",
                            "id": "main",
                            "name": "main",
                            "subnet_ids.#": "2",
                            "subnet_ids.1739980169": "subnet-f5b6cfd8",
                            "subnet_ids.430937820": "subnet-ea745aa3",
                            "tags.%": "0"
                        },
                        "meta": {},
                        "tainted": false
                    },
                    "deposed": [],
                    "provider": ""
                },
                "aws_elasticache_cluster.redis": {
                    "type": "aws_elasticache_cluster",
                    "depends_on": [
                        "aws_elasticache_subnet_group.default",
                        "aws_security_group.redis"
                    ],
                    "primary": {
                        "id": "yarndude-redis",
                        "attributes": {
                            "availability_zone": "us-east-1a",
                            "cache_nodes.#": "1",
                            "cache_nodes.0.address": "yarndude-redis.qygcqs.0001.use1.cache.amazonaws.com",
                            "cache_nodes.0.availability_zone": "us-east-1a",
                            "cache_nodes.0.id": "0001",
                            "cache_nodes.0.port": "6379",
                            "cluster_id": "yarndude-redis",
                            "engine": "redis",
                            "engine_version": "3.2.4",
                            "id": "yarndude-redis",
                            "maintenance_window": "fri:05:00-fri:06:00",
                            "node_type": "cache.t2.micro",
                            "num_cache_nodes": "1",
                            "parameter_group_name": "default.redis3.2",
                            "port": "6379",
                            "security_group_ids.#": "1",
                            "security_group_ids.2891518074": "sg-6676a61a",
                            "security_group_names.#": "0",
                            "snapshot_retention_limit": "0",
                            "snapshot_window": "",
                            "subnet_group_name": "main",
                            "tags.%": "0"
                        },
                        "meta": {},
                        "tainted": false
                    },
                    "deposed": [],
                    "provider": ""
                },
                "aws_elasticache_subnet_group.default": {
                    "type": "aws_elasticache_subnet_group",
                    "depends_on": [
                        "aws_subnet.primary",
                        "aws_subnet.secondary"
                    ],
                    "primary": {
                        "id": "main",
                        "attributes": {
                            "description": "Managed by Terraform",
                            "id": "main",
                            "name": "main",
                            "subnet_ids.#": "2",
                            "subnet_ids.1739980169": "subnet-f5b6cfd8",
                            "subnet_ids.430937820": "subnet-ea745aa3"
                        },
                        "meta": {},
                        "tainted": false
                    },
                    "deposed": [],
                    "provider": ""
                },
                "aws_instance.web": {
                    "type": "aws_instance",
                    "depends_on": [
                        "aws_key_pair.web",
                        "aws_security_group.db",
                        "aws_security_group.redis",
                        "aws_security_group.web",
                        "aws_subnet.primary"
                    ],
                    "primary": {
                        "id": "i-08d6a77436fa4ea2b",
                        "attributes": {
                            "ami": "ami-e13739f6",
                            "associate_public_ip_address": "true",
                            "availability_zone": "us-east-1a",
                            "disable_api_termination": "false",
                            "ebs_block_device.#": "0",
                            "ebs_optimized": "false",
                            "ephemeral_block_device.#": "0",
                            "iam_instance_profile": "",
                            "id": "i-08d6a77436fa4ea2b",
                            "instance_state": "running",
                            "instance_type": "t2.micro",
                            "key_name": "ec2-yarndude",
                            "monitoring": "false",
                            "network_interface_id": "eni-60ccf890",
                            "private_dns": "ip-10-0-1-124.ec2.internal",
                            "private_ip": "10.0.1.124",
                            "public_dns": "ec2-54-172-6-38.compute-1.amazonaws.com",
                            "public_ip": "54.172.6.38",
                            "root_block_device.#": "1",
                            "root_block_device.0.delete_on_termination": "true",
                            "root_block_device.0.iops": "100",
                            "root_block_device.0.volume_size": "8",
                            "root_block_device.0.volume_type": "gp2",
                            "security_groups.#": "0",
                            "source_dest_check": "true",
                            "subnet_id": "subnet-f5b6cfd8",
                            "tags.%": "0",
                            "tenancy": "default",
                            "vpc_security_group_ids.#": "3",
                            "vpc_security_group_ids.2403344629": "sg-df2afda3",
                            "vpc_security_group_ids.2891518074": "sg-6676a61a",
                            "vpc_security_group_ids.337372946": "sg-8f5681f3"
                        },
                        "meta": {
                            "schema_version": "1"
                        },
                        "tainted": false
                    },
                    "deposed": [],
                    "provider": ""
                },
                "aws_internet_gateway.default": {
                    "type": "aws_internet_gateway",
                    "depends_on": [
                        "aws_vpc.default"
                    ],
                    "primary": {
                        "id": "igw-d0bafdb7",
                        "attributes": {
                            "id": "igw-d0bafdb7",
                            "tags.%": "0",
                            "vpc_id": "vpc-8d8304eb"
                        },
                        "meta": {},
                        "tainted": false
                    },
                    "deposed": [],
                    "provider": ""
                },
                "aws_key_pair.web": {
                    "type": "aws_key_pair",
                    "depends_on": [],
                    "primary": {
                        "id": "ec2-yarndude",
                        "attributes": {
                            "fingerprint": "ef:76:c4:72:61:9e:f9:87:de:23:f9:c0:33:cd:6d:46",
                            "id": "ec2-yarndude",
                            "key_name": "ec2-yarndude",
                            "public_key": "ssh-rsa AAAAB3NzaC1yc2EAAAADAQABAAACAQDagDJwveEzTUcOKCAxspJQ3I8FWeYCi7LHPL417SPyRHOIdyNkCwT5ofBfz8/O4poIYSFeZDnwK+e7Liravri6zQt1XEpxZ2QfE9Zmvc7/rH+DOPTmE+kAg8HxRv/m/e2ZPOd+kEWnjuh8TEDJnpO9rgEeXcuxHxAUwZK74gw9Y3QNERR5lWuBsIx7aSQRiQehWqmBwuYwwxwzpmZXJPcqcZ9Y8lnNGBkQiB9RQ+4pp5CsMluELyHCq8Ns35aorO1rx5z7xbeADimgso31OTiz9qu0/yoc4uPMNK6THOqd7CIhJSuEvyH+nRpdKfCFAXyIGz8Xc0wXg2VaV+314c8rpYbFLbK1yYt/H9/sCfhKstdXeCOHGQkaT9j2RPbEYWutCDac8JPNolFolG4iF6t5n38n6FOjxaa4yKeD8FAuzzdEeTZSc4OE8qhbTi0+1qpGjnbAjwQW+IbvRTNZ85s1YxUrLq2bHFG1TtKiNEcbkEkDNMd0KktM3aZUkir3kUmxMt244UUhTIl5UjNL1coYYQkyqIMmyDlYNwO4RTLQ2DsBB5TT709RakJcymmC8rnEH8+faWp5f8DnuRlhcZYdDIMfBoohlmdz1GQqrvzN4nlgAkWPPYgdfgzKPMMKbi1eGlN4MQ9QjRDhTvly69xIg5RUqxYORsbENhxZYNfG5w== swcharl@gmail.com"
                        },
                        "meta": {
                            "schema_version": "1"
                        },
                        "tainted": false
                    },
                    "deposed": [],
                    "provider": ""
                },
                "aws_route.internet_access": {
                    "type": "aws_route",
                    "depends_on": [
                        "aws_internet_gateway.default",
                        "aws_vpc.default"
                    ],
                    "primary": {
                        "id": "r-rtb-660bf11f1080289494",
                        "attributes": {
                            "destination_cidr_block": "0.0.0.0/0",
                            "destination_prefix_list_id": "",
                            "gateway_id": "igw-d0bafdb7",
                            "id": "r-rtb-660bf11f1080289494",
                            "instance_id": "",
                            "instance_owner_id": "",
                            "nat_gateway_id": "",
                            "network_interface_id": "",
                            "origin": "CreateRoute",
                            "route_table_id": "rtb-660bf11f",
                            "state": "active",
                            "vpc_peering_connection_id": ""
                        },
                        "meta": {},
                        "tainted": false
                    },
                    "deposed": [],
                    "provider": ""
                },
                "aws_route53_record.naked": {
                    "type": "aws_route53_record",
                    "depends_on": [
                        "aws_instance.web",
                        "aws_route53_zone.main",
                        "aws_route53_zone.main"
                    ],
                    "primary": {
                        "id": "Z1XDINAUHI2B1N_yarndude.com._A",
                        "attributes": {
                            "fqdn": "yarndude.com",
                            "health_check_id": "",
                            "id": "Z1XDINAUHI2B1N_yarndude.com._A",
                            "name": "yarndude.com",
                            "records.#": "1",
                            "records.831243012": "54.172.6.38",
                            "set_identifier": "",
                            "ttl": "300",
                            "type": "A",
                            "zone_id": "Z1XDINAUHI2B1N"
                        },
                        "meta": {
                            "schema_version": "2"
                        },
                        "tainted": false
                    },
                    "deposed": [],
                    "provider": ""
                },
                "aws_route53_record.private-db": {
                    "type": "aws_route53_record",
                    "depends_on": [
                        "aws_db_instance.db",
                        "aws_route53_zone.private",
                        "aws_route53_zone.private"
                    ],
                    "primary": {
                        "id": "Z1RS3ZY207LRSG_db.private.yarndude.com._CNAME",
                        "attributes": {
                            "fqdn": "db.private.yarndude.com",
                            "health_check_id": "",
                            "id": "Z1RS3ZY207LRSG_db.private.yarndude.com._CNAME",
                            "name": "db.private.yarndude.com",
                            "records.#": "1",
                            "records.1501231112": "tf-006a4eb473944b6cc7c9b6616e.cgwfd3lnipel.us-east-1.rds.amazonaws.com",
                            "set_identifier": "",
                            "ttl": "300",
                            "type": "CNAME",
                            "zone_id": "Z1RS3ZY207LRSG"
                        },
                        "meta": {
                            "schema_version": "2"
                        },
                        "tainted": false
                    },
                    "deposed": [],
                    "provider": ""
                },
                "aws_route53_record.private-ns": {
                    "type": "aws_route53_record",
                    "depends_on": [
                        "aws_route53_zone.main",
                        "aws_route53_zone.main",
                        "aws_route53_zone.main",
                        "aws_route53_zone.main",
                        "aws_route53_zone.main",
                        "aws_route53_zone.private"
                    ],
                    "primary": {
                        "id": "Z1XDINAUHI2B1N_private.yarndude.com._NS",
                        "attributes": {
                            "fqdn": "private.yarndude.com",
                            "health_check_id": "",
                            "id": "Z1XDINAUHI2B1N_private.yarndude.com._NS",
                            "name": "private.yarndude.com",
                            "records.#": "4",
                            "records.1461982424": "ns-1389.awsdns-45.org",
                            "records.2622650621": "ns-1939.awsdns-50.co.uk",
                            "records.4046487606": "ns-901.awsdns-48.net",
                            "records.596674529": "ns-234.awsdns-29.com",
                            "set_identifier": "",
                            "ttl": "30",
                            "type": "NS",
                            "zone_id": "Z1XDINAUHI2B1N"
                        },
                        "meta": {
                            "schema_version": "2"
                        },
                        "tainted": false
                    },
                    "deposed": [],
                    "provider": ""
                },
                "aws_route53_record.private-redis": {
                    "type": "aws_route53_record",
                    "depends_on": [
                        "aws_elasticache_cluster.redis",
                        "aws_route53_zone.private",
                        "aws_route53_zone.private"
                    ],
                    "primary": {
                        "id": "Z1RS3ZY207LRSG_redis.private.yarndude.com_CNAME",
                        "attributes": {
                            "fqdn": "redis.private.yarndude.com",
                            "health_check_id": "",
                            "id": "Z1RS3ZY207LRSG_redis.private.yarndude.com_CNAME",
                            "name": "redis.private.yarndude.com",
                            "records.#": "1",
                            "records.3817596588": "yarndude-redis.qygcqs.0001.use1.cache.amazonaws.com",
                            "set_identifier": "",
                            "ttl": "300",
                            "type": "CNAME",
                            "zone_id": "Z1RS3ZY207LRSG"
                        },
                        "meta": {
                            "schema_version": "2"
                        },
                        "tainted": false
                    },
                    "deposed": [],
                    "provider": ""
                },
                "aws_route53_record.www": {
                    "type": "aws_route53_record",
                    "depends_on": [
                        "aws_instance.web",
                        "aws_route53_zone.main",
                        "aws_route53_zone.main"
                    ],
                    "primary": {
                        "id": "Z1XDINAUHI2B1N_www.yarndude.com._A",
                        "attributes": {
                            "fqdn": "www.yarndude.com",
                            "health_check_id": "",
                            "id": "Z1XDINAUHI2B1N_www.yarndude.com._A",
                            "name": "www.yarndude.com",
                            "records.#": "1",
                            "records.831243012": "54.172.6.38",
                            "set_identifier": "",
                            "ttl": "300",
                            "type": "A",
                            "zone_id": "Z1XDINAUHI2B1N"
                        },
                        "meta": {
                            "schema_version": "2"
                        },
                        "tainted": false
                    },
                    "deposed": [],
                    "provider": ""
                },
                "aws_route53_record.zoho": {
                    "type": "aws_route53_record",
                    "depends_on": [
                        "aws_route53_zone.main",
                        "aws_route53_zone.main"
                    ],
                    "primary": {
                        "id": "Z1XDINAUHI2B1N_zb14848362.yarndude.com._CNAME",
                        "attributes": {
                            "fqdn": "zb14848362.yarndude.com",
                            "health_check_id": "",
                            "id": "Z1XDINAUHI2B1N_zb14848362.yarndude.com._CNAME",
                            "name": "zb14848362.yarndude.com",
                            "records.#": "1",
                            "records.1883827995": "zmverify.zoho.com",
                            "set_identifier": "",
                            "ttl": "300",
                            "type": "CNAME",
                            "zone_id": "Z1XDINAUHI2B1N"
                        },
                        "meta": {
                            "schema_version": "2"
                        },
                        "tainted": false
                    },
                    "deposed": [],
                    "provider": ""
                },
                "aws_route53_record.zoho-mx": {
                    "type": "aws_route53_record",
                    "depends_on": [
                        "aws_route53_zone.main"
                    ],
                    "primary": {
                        "id": "Z1XDINAUHI2B1N__MX",
                        "attributes": {
                            "fqdn": "yarndude.com",
                            "health_check_id": "",
                            "id": "Z1XDINAUHI2B1N__MX",
                            "records.#": "2",
                            "records.2826352310": "10 mx.zoho.com",
                            "records.465752708": "20 mx2.zoho.com",
                            "set_identifier": "",
                            "ttl": "300",
                            "type": "MX",
                            "zone_id": "Z1XDINAUHI2B1N"
                        },
                        "meta": {
                            "schema_version": "2"
                        },
                        "tainted": false
                    },
                    "deposed": [],
                    "provider": ""
                },
                "aws_route53_record.zoho-spf": {
                    "type": "aws_route53_record",
                    "depends_on": [
                        "aws_route53_zone.main"
                    ],
                    "primary": {
                        "id": "Z1XDINAUHI2B1N__TXT",
                        "attributes": {
                            "fqdn": "yarndude.com",
                            "health_check_id": "",
                            "id": "Z1XDINAUHI2B1N__TXT",
                            "records.#": "1",
                            "records.1492036847": "v=spf1 mx include:zoho.com ~all",
                            "set_identifier": "",
                            "ttl": "300",
                            "type": "TXT",
                            "zone_id": "Z1XDINAUHI2B1N"
                        },
                        "meta": {
                            "schema_version": "2"
                        },
                        "tainted": false
                    },
                    "deposed": [],
                    "provider": ""
                },
                "aws_route53_zone.main": {
                    "type": "aws_route53_zone",
                    "depends_on": [],
                    "primary": {
                        "id": "Z1XDINAUHI2B1N",
                        "attributes": {
                            "comment": "Managed by Terraform",
                            "force_destroy": "false",
                            "id": "Z1XDINAUHI2B1N",
                            "name": "yarndude.com.",
                            "name_servers.#": "4",
                            "name_servers.0": "ns-1389.awsdns-45.org",
                            "name_servers.1": "ns-1939.awsdns-50.co.uk",
                            "name_servers.2": "ns-234.awsdns-29.com",
                            "name_servers.3": "ns-901.awsdns-48.net",
                            "tags.%": "0",
                            "zone_id": "Z1XDINAUHI2B1N"
                        },
                        "meta": {},
                        "tainted": false
                    },
                    "deposed": [],
                    "provider": ""
                },
                "aws_route53_zone.private": {
                    "type": "aws_route53_zone",
                    "depends_on": [
                        "aws_route53_zone.main",
                        "aws_vpc.default"
                    ],
                    "primary": {
                        "id": "Z1RS3ZY207LRSG",
                        "attributes": {
                            "comment": "Managed by Terraform",
                            "force_destroy": "false",
                            "id": "Z1RS3ZY207LRSG",
                            "name": "private.yarndude.com.",
                            "name_servers.#": "4",
                            "name_servers.0": "ns-0.awsdns-00.com.",
                            "name_servers.1": "ns-1024.awsdns-00.org.",
                            "name_servers.2": "ns-1536.awsdns-00.co.uk.",
                            "name_servers.3": "ns-512.awsdns-00.net.",
                            "tags.%": "0",
                            "vpc_id": "vpc-8d8304eb",
                            "vpc_region": "us-east-1",
                            "zone_id": "Z1RS3ZY207LRSG"
                        },
                        "meta": {},
                        "tainted": false
                    },
                    "deposed": [],
                    "provider": ""
                },
                "aws_security_group.db": {
                    "type": "aws_security_group",
                    "depends_on": [
                        "aws_vpc.default",
                        "aws_vpc.default"
                    ],
                    "primary": {
                        "id": "sg-8f5681f3",
                        "attributes": {
                            "description": "Managed by Terraform",
                            "egress.#": "1",
                            "egress.3847841800.cidr_blocks.#": "1",
                            "egress.3847841800.cidr_blocks.0": "10.0.0.0/16",
                            "egress.3847841800.from_port": "5432",
                            "egress.3847841800.prefix_list_ids.#": "0",
                            "egress.3847841800.protocol": "tcp",
                            "egress.3847841800.security_groups.#": "0",
                            "egress.3847841800.self": "false",
                            "egress.3847841800.to_port": "5432",
                            "id": "sg-8f5681f3",
                            "ingress.#": "1",
                            "ingress.3847841800.cidr_blocks.#": "1",
                            "ingress.3847841800.cidr_blocks.0": "10.0.0.0/16",
                            "ingress.3847841800.from_port": "5432",
                            "ingress.3847841800.protocol": "tcp",
                            "ingress.3847841800.security_groups.#": "0",
                            "ingress.3847841800.self": "false",
                            "ingress.3847841800.to_port": "5432",
                            "name": "terraform-0025547b024898910e7e9d2e97",
                            "owner_id": "055628964712",
                            "tags.%": "0",
                            "vpc_id": "vpc-8d8304eb"
                        },
                        "meta": {},
                        "tainted": false
                    },
                    "deposed": [],
                    "provider": ""
                },
                "aws_security_group.redis": {
                    "type": "aws_security_group",
                    "depends_on": [
                        "aws_vpc.default",
                        "aws_vpc.default"
                    ],
                    "primary": {
                        "id": "sg-6676a61a",
                        "attributes": {
                            "description": "Managed by Terraform",
                            "egress.#": "1",
                            "egress.3831452134.cidr_blocks.#": "1",
                            "egress.3831452134.cidr_blocks.0": "10.0.0.0/16",
                            "egress.3831452134.from_port": "6379",
                            "egress.3831452134.prefix_list_ids.#": "0",
                            "egress.3831452134.protocol": "tcp",
                            "egress.3831452134.security_groups.#": "0",
                            "egress.3831452134.self": "false",
                            "egress.3831452134.to_port": "6379",
                            "id": "sg-6676a61a",
                            "ingress.#": "1",
                            "ingress.3831452134.cidr_blocks.#": "1",
                            "ingress.3831452134.cidr_blocks.0": "10.0.0.0/16",
                            "ingress.3831452134.from_port": "6379",
                            "ingress.3831452134.protocol": "tcp",
                            "ingress.3831452134.security_groups.#": "0",
                            "ingress.3831452134.self": "false",
                            "ingress.3831452134.to_port": "6379",
                            "name": "terraform-00bc0d19fa43843f16ca836141",
                            "owner_id": "055628964712",
                            "tags.%": "0",
                            "vpc_id": "vpc-8d8304eb"
                        },
                        "meta": {},
                        "tainted": false
                    },
                    "deposed": [],
                    "provider": ""
                },
                "aws_security_group.web": {
                    "type": "aws_security_group",
                    "depends_on": [
                        "aws_vpc.default"
                    ],
                    "primary": {
                        "id": "sg-df2afda3",
                        "attributes": {
                            "description": "Managed by Terraform",
                            "egress.#": "1",
                            "egress.482069346.cidr_blocks.#": "1",
                            "egress.482069346.cidr_blocks.0": "0.0.0.0/0",
                            "egress.482069346.from_port": "0",
                            "egress.482069346.prefix_list_ids.#": "0",
                            "egress.482069346.protocol": "-1",
                            "egress.482069346.security_groups.#": "0",
                            "egress.482069346.self": "false",
                            "egress.482069346.to_port": "0",
                            "id": "sg-df2afda3",
                            "ingress.#": "3",
                            "ingress.2214680975.cidr_blocks.#": "1",
                            "ingress.2214680975.cidr_blocks.0": "0.0.0.0/0",
                            "ingress.2214680975.from_port": "80",
                            "ingress.2214680975.protocol": "tcp",
                            "ingress.2214680975.security_groups.#": "0",
                            "ingress.2214680975.self": "false",
                            "ingress.2214680975.to_port": "80",
                            "ingress.2541437006.cidr_blocks.#": "1",
                            "ingress.2541437006.cidr_blocks.0": "0.0.0.0/0",
                            "ingress.2541437006.from_port": "22",
                            "ingress.2541437006.protocol": "tcp",
                            "ingress.2541437006.security_groups.#": "0",
                            "ingress.2541437006.self": "false",
                            "ingress.2541437006.to_port": "22",
                            "ingress.2617001939.cidr_blocks.#": "1",
                            "ingress.2617001939.cidr_blocks.0": "0.0.0.0/0",
                            "ingress.2617001939.from_port": "443",
                            "ingress.2617001939.protocol": "tcp",
                            "ingress.2617001939.security_groups.#": "0",
                            "ingress.2617001939.self": "false",
                            "ingress.2617001939.to_port": "443",
                            "name": "terraform-00166500a8bfe533e115af3cd6",
                            "owner_id": "055628964712",
                            "tags.%": "0",
                            "vpc_id": "vpc-8d8304eb"
                        },
                        "meta": {},
                        "tainted": false
                    },
                    "deposed": [],
                    "provider": ""
                },
                "aws_subnet.primary": {
                    "type": "aws_subnet",
                    "depends_on": [
                        "aws_vpc.default",
                        "data.aws_availability_zones.available"
                    ],
                    "primary": {
                        "id": "subnet-f5b6cfd8",
                        "attributes": {
                            "availability_zone": "us-east-1a",
                            "cidr_block": "10.0.1.0/24",
                            "id": "subnet-f5b6cfd8",
                            "map_public_ip_on_launch": "true",
                            "tags.%": "0",
                            "vpc_id": "vpc-8d8304eb"
                        },
                        "meta": {},
                        "tainted": false
                    },
                    "deposed": [],
                    "provider": ""
                },
                "aws_subnet.secondary": {
                    "type": "aws_subnet",
                    "depends_on": [
                        "aws_vpc.default",
                        "data.aws_availability_zones.available"
                    ],
                    "primary": {
                        "id": "subnet-ea745aa3",
                        "attributes": {
                            "availability_zone": "us-east-1b",
                            "cidr_block": "10.0.2.0/24",
                            "id": "subnet-ea745aa3",
                            "map_public_ip_on_launch": "true",
                            "tags.%": "0",
                            "vpc_id": "vpc-8d8304eb"
                        },
                        "meta": {},
                        "tainted": false
                    },
                    "deposed": [],
                    "provider": ""
                },
                "aws_vpc.default": {
                    "type": "aws_vpc",
                    "depends_on": [],
                    "primary": {
                        "id": "vpc-8d8304eb",
                        "attributes": {
                            "cidr_block": "10.0.0.0/16",
                            "default_network_acl_id": "acl-92e8a6f4",
                            "default_route_table_id": "rtb-660bf11f",
                            "default_security_group_id": "sg-e82afd94",
                            "dhcp_options_id": "dopt-d70bc8b0",
                            "enable_classiclink": "false",
                            "enable_dns_hostnames": "true",
                            "enable_dns_support": "true",
                            "id": "vpc-8d8304eb",
                            "instance_tenancy": "default",
                            "main_route_table_id": "rtb-660bf11f",
                            "tags.%": "0"
                        },
                        "meta": {},
                        "tainted": false
                    },
                    "deposed": [],
                    "provider": ""
                },
                "data.aws_availability_zones.available": {
                    "type": "aws_availability_zones",
                    "depends_on": [],
                    "primary": {
                        "id": "2017-01-19 18:35:48.350320131 +0000 UTC",
                        "attributes": {
                            "id": "2017-01-19 18:35:48.350320131 +0000 UTC",
                            "names.#": "4",
                            "names.0": "us-east-1a",
                            "names.1": "us-east-1b",
                            "names.2": "us-east-1c",
                            "names.3": "us-east-1e"
                        },
                        "meta": {},
                        "tainted": false
                    },
                    "deposed": [],
                    "provider": ""
                }
            },
            "depends_on": []
        }
    ]
}
